 SUPHASE - PHASE manipulation by linear transformation			

  suphase  <stdin >sdout      						

 Required parameters:							
 none									
 Optional parameters:							
 a=90			constant phase shift              		
 b=180/PI              linear phase shift				
 c=0.0			phase = a +b*(old_phase)+c*f;			

 Notes: 								
 A program that allows the user to experiment with changes in the phase
 spectrum of a signal.							

